{
  "name": "react-typescript-template",
  "version": "0.1.0",
  "lockfileVersion": 1,
  "requires": true,
  "dependencies": {
    "fg-loadcss": {
      "version": "2.0.1",
      "resolved": "https://artifactory.cloud.capitalone.com:443/artifactory/api/npm/npm-publicfacing/fg-loadcss/-/fg-loadcss-2.0.1.tgz",
      "integrity": "sha1-ccAORwpX93OdBzYSTfyHkZleivE="
    }
  }
}
